// !$*UTF8*$!
{
	archiveVersion = 1;
	classes = {
	};
	objectVersion = 46;
	objects = {

/* Begin PBXBuildFile section */
		215B08F31BC0B8C800A203F2 /* AppDelegate.swift in Sources */ = {isa = PBXBuildFile; fileRef = 215B08F21BC0B8C800A203F2 /* AppDelegate.swift */; };
		215B08F51BC0B8C800A203F2 /* ViewController.swift in Sources */ = {isa = PBXBuildFile; fileRef = 215B08F41BC0B8C800A203F2 /* ViewController.swift */; };
		215B08F81BC0B8C800A203F2 /* Main.storyboard in Resources */ = {isa = PBXBuildFile; fileRef = 215B08F61BC0B8C800A203F2 /* Main.storyboard */; };
		215B08FA1BC0B8C800A203F2 /* Assets.xcassets in Resources */ = {isa = PBXBuildFile; fileRef = 215B08F91BC0B8C800A203F2 /* Assets.xcassets */; };
		215B08FD1BC0B8C800A203F2 /* LaunchScreen.storyboard in Resources */ = {isa = PBXBuildFile; fileRef = 215B08FB1BC0B8C800A203F2 /* LaunchScreen.storyboard */; };
		215B09051BC1077400A203F2 /* MapKit.framework in Frameworks */ = {isa = PBXBuildFile; fileRef = 215B09041BC1077400A203F2 /* MapKit.framework */; };
		215B09071BC1768400A203F2 /* baby-icon.png in Resources */ = {isa = PBXBuildFile; fileRef = 215B09061BC1768400A203F2 /* baby-icon.png */; settings = {ASSET_TAGS = (); }; };
/* End PBXBuildFile section */

/* Begin PBXFileReference section */
		215B08EF1BC0B8C800A203F2 /* BabySaver.app */ = {isa = PBXFileReference; explicitFileType = wrapper.application; includeInIndex = 0; path = BabySaver.app; sourceTree = BUILT_PRODUCTS_DIR; };
		215B08F21BC0B8C800A203F2 /* AppDelegate.swift */ = {isa = PBXFileReference; lastKnownFileType = sourcecode.swift; path = AppDelegate.swift; sourceTree = "<group>"; };
		215B08F41BC0B8C800A203F2 /* ViewController.swift */ = {isa = PBXFileReference; lastKnownFileType = sourcecode.swift; path = ViewController.swift; sourceTree = "<group>"; };
		215B08F71BC0B8C800A203F2 /* Base */ = {isa = PBXFileReference; lastKnownFileType = file.storyboard; name = Base; path = Base.lproj/Main.storyboard; sourceTree = "<group>"; };
		215B08F91BC0B8C800A203F2 /* Assets.xcassets */ = {isa = PBXFileReference; lastKnownFileType = folder.assetcatalog; path = Assets.xcassets; sourceTree = "<group>"; };
		215B08FC1BC0B8C800A203F2 /* Base */ = {isa = PBXFileReference; lastKnownFileType = file.storyboard; name = Base; path = Base.lproj/LaunchScreen.storyboard; sourceTree = "<group>"; };
		215B08FE1BC0B8C800A203F2 /* Info.plist */ = {isa = PBXFileReference; lastKnownFileType = text.plist.xml; path = Info.plist; sourceTree = "<group>"; };
		215B09041BC1077400A203F2 /* MapKit.framework */ = {isa = PBXFileReference; lastKnownFileType = wrapper.framework; name = MapKit.framework; path = System/Library/Frameworks/MapKit.framework; sourceTree = SDKROOT; };
		215B09061BC1768400A203F2 /* baby-icon.png */ = {isa = PBXFileReference; lastKnownFileType = image.png; path = "baby-icon.png"; sourceTree = "<group>"; };
/* End PBXFileReference section */

/* Begin PBXFrameworksBuildPhase section */
		215B08EC1BC0B8C800A203F2 /* Frameworks */ = {
			isa = PBXFrameworksBuildPhase;
			buildActionMask = 2147483647;
			files = (
				215B09051BC1077400A203F2 /* MapKit.framework in Frameworks */,
			);
			runOnlyForDeploymentPostprocessing = 0;
		};
/* End PBXFrameworksBuildPhase section */

/* Begin PBXGroup section */
		215B08E61BC0B8C800A203F2 = {
			isa = PBXGroup;
			children = (
				215B09041BC1077400A203F2 /* MapKit.framework */,
				215B08F11BC0B8C800A203F2 /* BabySaver */,
				215B08F01BC0B8C800A203F2 /* Products */,
			);
			sourceTree = "<group>";
		};
		215B08F01BC0B8C800A203F2 /* Products */ = {
			isa = PBXGroup;
			children = (
				215B08EF1BC0B8C800A203F2 /* BabySaver.app */,
			);
			name = Products;
			sourceTree = "<group>";
		};
		215B08F11BC0B8C800A203F2 /* BabySaver */ = {
			isa = PBXGroup;
			children = (
				215B09061BC1768400A203F2 /* baby-icon.png */,
				215B08F21BC0B8C800A203F2 /* AppDelegate.swift */,
				215B08F41BC0B8C800A203F2 /* ViewController.swift */,
				215B08F61BC0B8C800A203F2 /* Main.storyboard */,
				215B08F91BC0B8C800A203F2 /* Assets.xcassets */,
				215B08FB1BC0B8C800A203F2 /* LaunchScreen.storyboard */,
				215B08FE1BC0B8C800A203F2 /* Info.plist */,
			);
			path = BabySaver;
			sourceTree = "<group>";
		};
/* End PBXGroup section */

/* Begin PBXNativeTarget section */
		215B08EE1BC0B8C800A203F2 /* BabySaver */ = {
			isa = PBXNativeTarget;
			buildConfigurationList = 215B09011BC0B8C800A203F2 /* Build configuration list for PBXNativeTarget "BabySaver" */;
			buildPhases = (
				215B08EB1BC0B8C800A203F2 /* Sources */,
				215B08EC1BC0B8C800A203F2 /* Frameworks */,
				215B08ED1BC0B8C800A203F2 /* Resources */,
			);
			buildRules = (
			);
			dependencies = (
			);
			name = BabySaver;
			productName = BabySaver;
			productReference = 215B08EF1BC0B8C800A203F2 /* BabySaver.app */;
			productType = "com.apple.product-type.application";
		};
/* End PBXNativeTarget section */

/* Begin PBXProject section */
		215B08E71BC0B8C800A203F2 /* Project object */ = {
			isa = PBXProject;
			attributes = {
				LastUpgradeCheck = 0700;
				ORGANIZATIONNAME = "Angel Diaz";
				TargetAttributes = {
					215B08EE1BC0B8C800A203F2 = {
						CreatedOnToolsVersion = 7.0;
						SystemCapabilities = {
							com.apple.BackgroundModes = {
								enabled = 1;
							};
							com.apple.Maps.iOS = {
								enabled = 1;
							};
						};
					};
				};
			};
			buildConfigurationList = 215B08EA1BC0B8C800A203F2 /* Build configuration list for PBXProject "BabySaver" */;
			compatibilityVersion = "Xcode 3.2";
			developmentRegion = English;
			hasScannedForEncodings = 0;
			knownRegions = (
				en,
				Base,
			);
			mainGroup = 215B08E61BC0B8C800A203F2;
			productRefGroup = 215B08F01BC0B8C800A203F2 /* Products */;
			projectDirPath = "";
			projectRoot = "";
			targets = (
				215B08EE1BC0B8C800A203F2 /* BabySaver */,
			);
		};
/* End PBXProject section */

/* Begin PBXResourcesBuildPhase section */
		215B08ED1BC0B8C800A203F2 /* Resources */ = {
			isa = PBXResourcesBuildPhase;
			buildActionMask = 2147483647;
			files = (
				215B09071BC1768400A203F2 /* baby-icon.png in Resources */,
				215B08FD1BC0B8C800A203F2 /* LaunchScreen.storyboard in Resources */,
				215B08FA1BC0B8C800A203F2 /* Assets.xcassets in Resources */,
				215B08F81BC0B8C800A203F2 /* Main.storyboard in Resources */,
			);
			runOnlyForDeploymentPostprocessing = 0;
		};
/* End PBXResourcesBuildPhase section */

/* Begin PBXSourcesBuildPhase section */
		215B08EB1BC0B8C800A203F2 /* Sources */ = {
			isa = PBXSourcesBuildPhase;
			buildActionMask = 2147483647;
			files = (
				215B08F51BC0B8C800A203F2 /* ViewController.swift in Sources */,
				215B08F31BC0B8C800A203F2 /* AppDelegate.swift in Sources */,
			);
			runOnlyForDeploymentPostprocessing = 0;
		};
/* End PBXSourcesBuildPhase section */

/* Begin PBXVariantGroup section */
		215B08F61BC0B8C800A203F2 /* Main.storyboard */ = {
			isa = PBXVariantGroup;
			children = (
				215B08F71BC0B8C800A203F2 /* Base */,
			);
			name = Main.storyboard;
			sourceTree = "<group>";
		};
		215B08FB1BC0B8C800A203F2 /* LaunchScreen.storyboard */ = {
			isa = PBXVariantGroup;
			children = (
				215B08FC1BC0B8C800A203F2 /* Base */,
			);
			name = LaunchScreen.storyboard;
			sourceTree = "<group>";
		};
/* End PBXVariantGroup section */

/* Begin XCBuildConfiguration section */
		215B08FF1BC0B8C800A203F2 /* Debug */ = {
			isa = XCBuildConfiguration;
			buildSettings = {
				ALWAYS_SEARCH_USER_PATHS = NO;
				CLANG_CXX_LANGUAGE_STANDARD = "gnu++0x";
				CLANG_CXX_LIBRARY = "libc++";
				CLANG_ENABLE_MODULES = YES;
				CLANG_ENABLE_OBJC_ARC = YES;
				CLANG_WARN_BOOL_CONVERSION = YES;
				CLANG_WARN_CONSTANT_CONVERSION = YES;
				CLANG_WARN_DIRECT_OBJC_ISA_USAGE = YES_ERROR;
				CLANG_WARN_EMPTY_BODY = YES;
				CLANG_WARN_ENUM_CONVERSION = YES;
				CLANG_WARN_INT_CONVERSION = YES;
				CLANG_WARN_OBJC_ROOT_CLASS = YES_ERROR;
				CLANG_WARN_UNREACHABLE_CODE = YES;
				CLANG_WARN__DUPLICATE_METHOD_MATCH = YES;
				"CODE_SIGN_IDENTITY[sdk=iphoneos*]" = "iPhone Developer";
				COPY_PHASE_STRIP = NO;
				DEBUG_INFORMATION_FORMAT = dwarf;
				ENABLE_STRICT_OBJC_MSGSEND = YES;
				ENABLE_TESTABILITY = YES;
				GCC_C_LANGUAGE_STANDARD = gnu99;
				GCC_DYNAMIC_NO_PIC = NO;
				GCC_NO_COMMON_BLOCKS = YES;
				GCC_OPTIMIZATION_LEVEL = 0;
				GCC_PREPROCESSOR_DEFINITIONS = (
					"DEBUG=1",
					"$(inherited)",
				);
				GCC_WARN_64_TO_32_BIT_CONVERSION = YES;
				GCC_WARN_ABOUT_RETURN_TYPE = YES_ERROR;
				GCC_WARN_UNDECLARED_SELECTOR = YES;
				GCC_WARN_UNINITIALIZED_AUTOS = YES_AGGRESSIVE;
				GCC_WARN_UNUSED_FUNCTION = YES;
				GCC_WARN_UNUSED_VARIABLE = YES;
				IPHONEOS_DEPLOYMENT_TARGET = 9.0;
				MTL_ENABLE_DEBUG_INFO = YES;
				ONLY_ACTIVE_ARCH = YES;
				SDKROOT = iphoneos;
				SWIFT_OPTIMIZATION_LEVEL = "-Onone";
				TARGETED_DEVICE_FAMILY = "1,2";
			};
			name = Debug;
		};
		215B09001BC0B8C800A203F2 /* Release */ = {
			isa = XCBuildConfiguration;
			buildSettings = {
				ALWAYS_SEARCH_USER_PATHS = NO;
				CLANG_CXX_LANGUAGE_STANDARD = "gnu++0x";
				CLANG_CXX_LIBRARY = "libc++";
				CLANG_ENABLE_MODULES = YES;
				CLANG_ENABLE_OBJC_ARC = YES;
				CLANG_WARN_BOOL_CONVERSION = YES;
				CLANG_WARN_CONSTANT_CONVERSION = YES;
				CLANG_WARN_DIRECT_OBJC_ISA_USAGE = YES_ERROR;
				CLANG_WARN_EMPTY_BODY = YES;
				CLANG_WARN_ENUM_CONVERSION = YES;
				CLANG_WARN_INT_CONVERSION = YES;
				CLANG_WARN_OBJC_ROOT_CLASS = YES_ERROR;
				CLANG_WARN_UNREACHABLE_CODE = YES;
				CLANG_WARN__DUPLICATE_METHOD_MATCH = YES;
				"CODE_SIGN_IDENTITY[sdk=iphoneos*]" = "iPhone Developer";
				COPY_PHASE_STRIP = NO;
				DEBUG_INFORMATION_FORMAT = "dwarf-with-dsym";
				ENABLE_NS_ASSERTIONS = NO;
				ENABLE_STRICT_OBJC_MSGSEND = YES;
				GCC_C_LANGUAGE_STANDARD = gnu99;
				GCC_NO_COMMON_BLOCKS = YES;
				GCC_WARN_64_TO_32_BIT_CONVERSION = YES;
				GCC_WARN_ABOUT_RETURN_TYPE = YES_ERROR;
				GCC_WARN_UNDECLARED_SELECTOR = YES;
				GCC_WARN_UNINITIALIZED_AUTOS = YES_AGGRESSIVE;
				GCC_WARN_UNUSED_FUNCTION = YES;
				GCC_WARN_UNUSED_VARIABLE = YES;
				IPHONEOS_DEPLOYMENT_TARGET = 9.0;
				MTL_ENABLE_DEBUG_INFO = NO;
				SDKROOT = iphoneos;
				TARGETED_DEVICE_FAMILY = "1,2";
				VALIDATE_PRODUCT = YES;
			};
			name = Release;
		};
		215B09021BC0B8C800A203F2 /* Debug */ = {
			isa = XCBuildConfiguration;
			buildSettings = {
				ASSETCATALOG_COMPILER_APPICON_NAME = AppIcon;
				INFOPLIST_FILE = BabySaver/Info.plist;
				LD_RUNPATH_SEARCH_PATHS = "$(inherited) @executable_path/Frameworks";
				PRODUCT_BUNDLE_IDENTIFIER = frozen.ilikewaffles.BabySaver;
				PRODUCT_NAME = "$(TARGET_NAME)";
			};
			name = Debug;
		};
		215B09031BC0B8C800A203F2 /* Release */ = {
			isa = XCBuildConfiguration;
			buildSettings = {
				ASSETCATALOG_COMPILER_APPICON_NAME = AppIcon;
				INFOPLIST_FILE = BabySaver/Info.plist;
				LD_RUNPATH_SEARCH_PATHS = "$(inherited) @executable_path/Frameworks";
				PRODUCT_BUNDLE_IDENTIFIER = frozen.ilikewaffles.BabySaver;
				PRODUCT_NAME = "$(TARGET_NAME)";
			};
			name = Release;
		};
/* End XCBuildConfiguration section */

/* Begin XCConfigurationList section */
		215B08EA1BC0B8C800A203F2 /* Build configuration list for PBXProject "BabySaver" */ = {
			isa = XCConfigurationList;
			buildConfigurations = (
				215B08FF1BC0B8C800A203F2 /* Debug */,
				215B09001BC0B8C800A203F2 /* Release */,
			);
			defaultConfigurationIsVisible = 0;
			defaultConfigurationName = Release;
		};
		215B09011BC0B8C800A203F2 /* Build configuration list for PBXNativeTarget "BabySaver" */ = {
			isa = XCConfigurationList;
			buildConfigurations = (
				215B09021BC0B8C800A203F2 /* Debug */,
				215B09031BC0B8C800A203F2 /* Release */,
			);
			defaultConfigurationIsVisible = 0;
		};
/* End XCConfigurationList section */
	};
	rootObject = 215B08E71BC0B8C800A203F2 /* Project object */;
}
